{
  "version": 2,
  "dependencies": {
    "net8.0": {
      "coverlet.collector": {
        "type": "Direct",
        "requested": "[6.0.0, )",
        "resolved": "6.0.0",
        "contentHash": "tW3lsNS+dAEII6YGUX/VMoJjBS1QvsxqJeqLaJXub08y1FSjasFPtQ4UBUsudE9PNrzLjooClMsPtY2cZLdXpQ=="
      },
      "Microsoft.NET.Test.Sdk": {
        "type": "Direct",
        "requested": "[17.6.0, )",
        "resolved": "17.6.0",
        "contentHash": "tHyg4C6c89QvLv6Utz3xKlba4EeoyJyIz59Q1NrjRENV7gfGnSE6I+sYPIbVOzQttoo2zpHDgOK/p6Hw2OlD7A==",
        "dependencies": {
          "Microsoft.CodeCoverage": "17.6.0",
          "Microsoft.TestPlatform.TestHost": "17.6.0"
        }
      },
      "xunit": {
        "type": "Direct",
        "requested": "[2.4.2, )",
        "resolved": "2.4.2",
        "contentHash": "6Mj73Ont3zj2CJuoykVJfE0ZmRwn7C+pTuRP8c4bnaaTFjwNG6tGe0prJ1yIbMe9AHrpDys63ctWacSsFJWK/w==",
        "dependencies": {
          "xunit.analyzers": "1.0.0",
          "xunit.assert": "2.4.2",
          "xunit.core": "[2.4.2]"
        }
      },
      "xunit.runner.visualstudio": {
        "type": "Direct",
        "requested": "[2.4.5, )",
        "resolved": "2.4.5",
        "contentHash": "OwHamvBdUKgqsXfBzWiCW/O98BTx81UKzx2bieIOQI7CZFE5NEQZGi8PBQGIKawDW96xeRffiNf20SjfC0x9hw=="
      },
      "Microsoft.CodeCoverage": {
        "type": "Transitive",
        "resolved": "17.6.0",
        "contentHash": "5v2GwzpR7JEuQUzupjx3zLwn2FutADW/weLzLt726DR3WXxsM+ICPoJG6pxuKFsumtZp890UrVuudTUhsE8Qyg=="
      },
      "Microsoft.Extensions.Configuration.Abstractions": {
        "type": "Transitive",
        "resolved": "8.0.0",
        "contentHash": "3lE/iLSutpgX1CC0NOW70FJoGARRHbyKmG7dc0klnUZ9Dd9hS6N/POPWhKhMLCEuNN5nXEY5agmlFtH562vqhQ==",
        "dependencies": {
          "Microsoft.Extensions.Primitives": "8.0.0"
        }
      },
      "Microsoft.Extensions.Configuration.FileExtensions": {
        "type": "Transitive",
        "resolved": "8.0.0",
        "contentHash": "McP+Lz/EKwvtCv48z0YImw+L1gi1gy5rHhNaNIY2CrjloV+XY8gydT8DjMR6zWeL13AFK+DioVpppwAuO1Gi1w==",
        "dependencies": {
          "Microsoft.Extensions.Configuration": "8.0.0",
          "Microsoft.Extensions.Configuration.Abstractions": "8.0.0",
          "Microsoft.Extensions.FileProviders.Abstractions": "8.0.0",
          "Microsoft.Extensions.FileProviders.Physical": "8.0.0",
          "Microsoft.Extensions.Primitives": "8.0.0"
        }
      },
      "Microsoft.Extensions.FileProviders.Abstractions": {
        "type": "Transitive",
        "resolved": "8.0.0",
        "contentHash": "ZbaMlhJlpisjuWbvXr4LdAst/1XxH3vZ6A0BsgTphZ2L4PGuxRLz7Jr/S7mkAAnOn78Vu0fKhEgNF5JO3zfjqQ==",
        "dependencies": {
          "Microsoft.Extensions.Primitives": "8.0.0"
        }
      },
      "Microsoft.Extensions.FileProviders.Physical": {
        "type": "Transitive",
        "resolved": "8.0.0",
        "contentHash": "UboiXxpPUpwulHvIAVE36Knq0VSHaAmfrFkegLyBZeaADuKezJ/AIXYAW8F5GBlGk/VaibN2k/Zn1ca8YAfVdA==",
        "dependencies": {
          "Microsoft.Extensions.FileProviders.Abstractions": "8.0.0",
          "Microsoft.Extensions.FileSystemGlobbing": "8.0.0",
          "Microsoft.Extensions.Primitives": "8.0.0"
        }
      },
      "Microsoft.Extensions.FileSystemGlobbing": {
        "type": "Transitive",
        "resolved": "8.0.0",
        "contentHash": "OK+670i7esqlQrPjdIKRbsyMCe9g5kSLpRRQGSr4Q58AOYEe/hCnfLZprh7viNisSUUQZmMrbbuDaIrP+V1ebQ=="
      },
      "Microsoft.Extensions.Primitives": {
        "type": "Transitive",
        "resolved": "8.0.0",
        "contentHash": "bXJEZrW9ny8vjMF1JV253WeLhpEVzFo1lyaZu1vQ4ZxWUlVvknZ/+ftFgVheLubb4eZPSwwxBeqS1JkCOjxd8g=="
      },
      "Microsoft.NETCore.Platforms": {
        "type": "Transitive",
        "resolved": "1.1.0",
        "contentHash": "kz0PEW2lhqygehI/d6XsPCQzD7ff7gUJaVGPVETX611eadGsA3A877GdSlU0LRVMCTH/+P3o2iDTak+S08V2+A=="
      },
      "Microsoft.TestPlatform.ObjectModel": {
        "type": "Transitive",
        "resolved": "17.6.0",
        "contentHash": "AA/rrf5zwC5/OBLEOajkhjbVTM3SvxRXy8kcQ8e4mJKojbyZvqqhpfNg362N9vXU94DLg9NUTFOAnoYVT0pTJw==",
        "dependencies": {
          "NuGet.Frameworks": "5.11.0"
        }
      },
      "Microsoft.TestPlatform.TestHost": {
        "type": "Transitive",
        "resolved": "17.6.0",
        "contentHash": "7YdgUcIeCPVKLC7n7LNKDiEHWc7z3brkkYPdUbDnFsvf6WvY9UfzS0VSUJ8P2NgN0CDSD223GCJFSjSBLZRqOQ==",
        "dependencies": {
          "Microsoft.TestPlatform.ObjectModel": "17.6.0",
          "Newtonsoft.Json": "13.0.1"
        }
      },
      "NETStandard.Library": {
        "type": "Transitive",
        "resolved": "1.6.1",
        "contentHash": "WcSp3+vP+yHNgS8EV5J7pZ9IRpeDuARBPN28by8zqff1wJQXm26PVU8L3/fYLBJVU7BtDyqNVWq2KlCVvSSR4A==",
        "dependencies": {
          "Microsoft.NETCore.Platforms": "1.1.0"
        }
      },
      "Newtonsoft.Json": {
        "type": "Transitive",
        "resolved": "13.0.1",
        "contentHash": "ppPFpBcvxdsfUonNcvITKqLl3bqxWbDCZIzDWHzjpdAHRFfZe0Dw9HmA0+za13IdyrgJwpkDTDA9fHaxOrt20A=="
      },
      "NuGet.Frameworks": {
        "type": "Transitive",
        "resolved": "5.11.0",
        "contentHash": "eaiXkUjC4NPcquGWzAGMXjuxvLwc6XGKMptSyOGQeT0X70BUZObuybJFZLA0OfTdueLd3US23NBPTBb6iF3V1Q=="
      },
      "xunit.abstractions": {
        "type": "Transitive",
        "resolved": "2.0.3",
        "contentHash": "pot1I4YOxlWjIb5jmwvvQNbTrZ3lJQ+jUGkGjWE3hEFM0l5gOnBWS+H3qsex68s5cO52g+44vpGzhAt+42vwKg=="
      },
      "xunit.analyzers": {
        "type": "Transitive",
        "resolved": "1.0.0",
        "contentHash": "BeO8hEgs/c8Ls2647fPfieMngncvf0D0xYNDfIO59MolxtCtVjFRd6SRc+7tj8VMqkVOuJcnc9eh4ngI2cAmLQ=="
      },
      "xunit.assert": {
        "type": "Transitive",
        "resolved": "2.4.2",
        "contentHash": "pxJISOFjn2XTTi1mcDCkRZrTFb9OtRRCtx2kZFNF51GdReLr1ls2rnyxvAS4JO247K3aNtflvh5Q0346K5BROA==",
        "dependencies": {
          "NETStandard.Library": "1.6.1"
        }
      },
      "xunit.core": {
        "type": "Transitive",
        "resolved": "2.4.2",
        "contentHash": "KB4yGCxNqIVyekhJLXtKSEq6BaXVp/JO3mbGVE1hxypZTLEe7h+sTbAhpA+yZW2dPtXTuiW+C1B2oxxHEkrmOw==",
        "dependencies": {
          "xunit.extensibility.core": "[2.4.2]",
          "xunit.extensibility.execution": "[2.4.2]"
        }
      },
      "xunit.extensibility.core": {
        "type": "Transitive",
        "resolved": "2.4.2",
        "contentHash": "W1BoXTIN1C6kpVSMw25huSet25ky6IAQUNovu3zGOGN/jWnbgSoTyCrlIhmXSg0tH5nEf8q7h3OjNHOjyu5PfA==",
        "dependencies": {
          "NETStandard.Library": "1.6.1",
          "xunit.abstractions": "2.0.3"
        }
      },
      "xunit.extensibility.execution": {
        "type": "Transitive",
        "resolved": "2.4.2",
        "contentHash": "CZmgcKkwpyo8FlupZdWpJCryrAOWLh1FBPG6gmVZuPQkGQsim/oL4PcP4nfrC2hHgXUFtluvaJ0Sp9PQKUMNpg==",
        "dependencies": {
          "NETStandard.Library": "1.6.1",
          "xunit.extensibility.core": "[2.4.2]"
        }
      },
      "prompty.core": {
        "type": "Project",
        "dependencies": {
          "Microsoft.Extensions.AI.Abstractions": "[9.3.0-preview.1.25161.3, )",
          "Microsoft.Extensions.Configuration": "[8.0.0, )",
          "Microsoft.Extensions.Configuration.Json": "[8.0.0, )",
          "Scriban": "[5.12.1, )",
          "Stubble.Core": "[1.10.8, )",
          "YamlDotNet": "[15.3.0, )"
        }
      },
      "Microsoft.Extensions.AI.Abstractions": {
        "type": "CentralTransitive",
        "requested": "[9.3.0-preview.1.25161.3, )",
        "resolved": "9.3.0-preview.1.25161.3",
        "contentHash": "1BGoGmGQKwDOkf4I5/Ybt3GL5O+/3JPlZ/AM0uLspHn5DpPb2Wpi9HYKEMjTECFvW+pk+vtFaBYQmNdudl26fw=="
      },
      "Microsoft.Extensions.Configuration": {
        "type": "CentralTransitive",
        "requested": "[8.0.0, )",
        "resolved": "8.0.0",
        "contentHash": "0J/9YNXTMWSZP2p2+nvl8p71zpSwokZXZuJW+VjdErkegAnFdO1XlqtA62SJtgVYHdKu3uPxJHcMR/r35HwFBA==",
        "dependencies": {
          "Microsoft.Extensions.Configuration.Abstractions": "8.0.0",
          "Microsoft.Extensions.Primitives": "8.0.0"
        }
      },
      "Microsoft.Extensions.Configuration.Json": {
        "type": "CentralTransitive",
        "requested": "[8.0.0, )",
        "resolved": "8.0.0",
        "contentHash": "C2wqUoh9OmRL1akaCcKSTmRU8z0kckfImG7zLNI8uyi47Lp+zd5LWAD17waPQEqCz3ioWOCrFUo+JJuoeZLOBw==",
        "dependencies": {
          "Microsoft.Extensions.Configuration": "8.0.0",
          "Microsoft.Extensions.Configuration.Abstractions": "8.0.0",
          "Microsoft.Extensions.Configuration.FileExtensions": "8.0.0",
          "Microsoft.Extensions.FileProviders.Abstractions": "8.0.0"
        }
      },
      "Scriban": {
        "type": "CentralTransitive",
        "requested": "[5.12.1, )",
        "resolved": "5.12.1",
        "contentHash": "zezB4VyYSALWvveki0IAdqxrx2r0wHqwQqP5LldFSHZ3U12YZCvt1nwJb6TZVLkerHZLP2FJIkemubLfOihdBQ=="
      },
      "Stubble.Core": {
        "type": "CentralTransitive",
        "requested": "[1.10.8, )",
        "resolved": "1.10.8",
        "contentHash": "M7pXv3xz3TwhR8PJwieVncotjdC0w8AhviKPpGn2/DHlSNuTKTQdA5Ngmu3datOoeI2jXYEi3fhgncM7UueTWw=="
      },
      "YamlDotNet": {
        "type": "CentralTransitive",
        "requested": "[15.3.0, )",
        "resolved": "15.3.0",
        "contentHash": "F93japYa9YrJ59AZGhgdaUGHN7ITJ55FBBg/D/8C0BDgahv/rQD6MOSwHxOJJpon1kYyslVbeBrQ2wcJhox01w=="
      }
    }
  }
}