
Microsoft Visual Studio Solution File, Format Version 12.00
# Visual Studio Version 17
VisualStudioVersion = 17.0.31903.59
MinimumVisualStudioVersion = 10.0.40219.1
Project("{FAE04EC0-301F-11D3-BF4B-00C04F79EFBC}") = "Prompty.Core", "Prompty.Core\Prompty.Core.csproj", "{E13C07E4-1C39-4A08-92B0-EBC7479AE0CA}"
EndProject
Project("{FAE04EC0-301F-11D3-BF4B-00C04F79EFBC}") = "Prompty.Core.Tests", "Prompty.Core.Tests\Prompty.Core.Tests.csproj", "{8AC3BBB0-533D-4402-95FE-AC891863FD37}"
EndProject
Project("{FAE04EC0-301F-11D3-BF4B-00C04F79EFBC}") = "Prompty.OpenAI", "Prompty.OpenAI\Prompty.OpenAI.csproj", "{CAC9CDEF-EFBD-49DE-A006-A923F9EEC4B0}"
EndProject
Project("{FAE04EC0-301F-11D3-BF4B-00C04F79EFBC}") = "Prompty.Foundry", "Prompty.Foundry\Prompty.Foundry.csproj", "{B85F3736-B97B-4C97-A319-2593AF1D93F1}"
EndProject
Project("{FAE04EC0-301F-11D3-BF4B-00C04F79EFBC}") = "Prompty.Anthropic", "Prompty.Anthropic\Prompty.Anthropic.csproj", "{E27874D9-8312-4A1D-B5C2-AE0C2ED940C0}"
EndProject
Project("{FAE04EC0-301F-11D3-BF4B-00C04F79EFBC}") = "Prompty.OpenAI.Tests", "Prompty.OpenAI.Tests\Prompty.OpenAI.Tests.csproj", "{88982FC6-843E-45DA-B16D-73122A69715B}"
EndProject
Project("{FAE04EC0-301F-11D3-BF4B-00C04F79EFBC}") = "Prompty.Anthropic.Tests", "Prompty.Anthropic.Tests\Prompty.Anthropic.Tests.csproj", "{FA3E18A6-0E36-4EF7-B68C-360C7CF84F24}"
EndProject
Project("{FAE04EC0-301F-11D3-BF4B-00C04F79EFBC}") = "Prompty.Foundry.Tests", "Prompty.Foundry.Tests\Prompty.Foundry.Tests.csproj", "{21D1B859-064C-4BDB-AAFC-E306BBA2D2B6}"
EndProject
Global
	GlobalSection(SolutionConfigurationPlatforms) = preSolution
		Debug|Any CPU = Debug|Any CPU
		Debug|x64 = Debug|x64
		Debug|x86 = Debug|x86
		Release|Any CPU = Release|Any CPU
		Release|x64 = Release|x64
		Release|x86 = Release|x86
	EndGlobalSection
	GlobalSection(ProjectConfigurationPlatforms) = postSolution
		{E13C07E4-1C39-4A08-92B0-EBC7479AE0CA}.Debug|Any CPU.ActiveCfg = Debug|Any CPU
		{E13C07E4-1C39-4A08-92B0-EBC7479AE0CA}.Debug|Any CPU.Build.0 = Debug|Any CPU
		{E13C07E4-1C39-4A08-92B0-EBC7479AE0CA}.Debug|x64.ActiveCfg = Debug|Any CPU
		{E13C07E4-1C39-4A08-92B0-EBC7479AE0CA}.Debug|x64.Build.0 = Debug|Any CPU
		{E13C07E4-1C39-4A08-92B0-EBC7479AE0CA}.Debug|x86.ActiveCfg = Debug|Any CPU
		{E13C07E4-1C39-4A08-92B0-EBC7479AE0CA}.Debug|x86.Build.0 = Debug|Any CPU
		{E13C07E4-1C39-4A08-92B0-EBC7479AE0CA}.Release|Any CPU.ActiveCfg = Release|Any CPU
		{E13C07E4-1C39-4A08-92B0-EBC7479AE0CA}.Release|Any CPU.Build.0 = Release|Any CPU
		{E13C07E4-1C39-4A08-92B0-EBC7479AE0CA}.Release|x64.ActiveCfg = Release|Any CPU
		{E13C07E4-1C39-4A08-92B0-EBC7479AE0CA}.Release|x64.Build.0 = Release|Any CPU
		{E13C07E4-1C39-4A08-92B0-EBC7479AE0CA}.Release|x86.ActiveCfg = Release|Any CPU
		{E13C07E4-1C39-4A08-92B0-EBC7479AE0CA}.Release|x86.Build.0 = Release|Any CPU
		{8AC3BBB0-533D-4402-95FE-AC891863FD37}.Debug|Any CPU.ActiveCfg = Debug|Any CPU
		{8AC3BBB0-533D-4402-95FE-AC891863FD37}.Debug|Any CPU.Build.0 = Debug|Any CPU
		{8AC3BBB0-533D-4402-95FE-AC891863FD37}.Debug|x64.ActiveCfg = Debug|Any CPU
		{8AC3BBB0-533D-4402-95FE-AC891863FD37}.Debug|x64.Build.0 = Debug|Any CPU
		{8AC3BBB0-533D-4402-95FE-AC891863FD37}.Debug|x86.ActiveCfg = Debug|Any CPU
		{8AC3BBB0-533D-4402-95FE-AC891863FD37}.Debug|x86.Build.0 = Debug|Any CPU
		{8AC3BBB0-533D-4402-95FE-AC891863FD37}.Release|Any CPU.ActiveCfg = Release|Any CPU
		{8AC3BBB0-533D-4402-95FE-AC891863FD37}.Release|Any CPU.Build.0 = Release|Any CPU
		{8AC3BBB0-533D-4402-95FE-AC891863FD37}.Release|x64.ActiveCfg = Release|Any CPU
		{8AC3BBB0-533D-4402-95FE-AC891863FD37}.Release|x64.Build.0 = Release|Any CPU
		{8AC3BBB0-533D-4402-95FE-AC891863FD37}.Release|x86.ActiveCfg = Release|Any CPU
		{8AC3BBB0-533D-4402-95FE-AC891863FD37}.Release|x86.Build.0 = Release|Any CPU
		{CAC9CDEF-EFBD-49DE-A006-A923F9EEC4B0}.Debug|Any CPU.ActiveCfg = Debug|Any CPU
		{CAC9CDEF-EFBD-49DE-A006-A923F9EEC4B0}.Debug|Any CPU.Build.0 = Debug|Any CPU
		{CAC9CDEF-EFBD-49DE-A006-A923F9EEC4B0}.Debug|x64.ActiveCfg = Debug|Any CPU
		{CAC9CDEF-EFBD-49DE-A006-A923F9EEC4B0}.Debug|x64.Build.0 = Debug|Any CPU
		{CAC9CDEF-EFBD-49DE-A006-A923F9EEC4B0}.Debug|x86.ActiveCfg = Debug|Any CPU
		{CAC9CDEF-EFBD-49DE-A006-A923F9EEC4B0}.Debug|x86.Build.0 = Debug|Any CPU
		{CAC9CDEF-EFBD-49DE-A006-A923F9EEC4B0}.Release|Any CPU.ActiveCfg = Release|Any CPU
		{CAC9CDEF-EFBD-49DE-A006-A923F9EEC4B0}.Release|Any CPU.Build.0 = Release|Any CPU
		{CAC9CDEF-EFBD-49DE-A006-A923F9EEC4B0}.Release|x64.ActiveCfg = Release|Any CPU
		{CAC9CDEF-EFBD-49DE-A006-A923F9EEC4B0}.Release|x64.Build.0 = Release|Any CPU
		{CAC9CDEF-EFBD-49DE-A006-A923F9EEC4B0}.Release|x86.ActiveCfg = Release|Any CPU
		{CAC9CDEF-EFBD-49DE-A006-A923F9EEC4B0}.Release|x86.Build.0 = Release|Any CPU
		{B85F3736-B97B-4C97-A319-2593AF1D93F1}.Debug|Any CPU.ActiveCfg = Debug|Any CPU
		{B85F3736-B97B-4C97-A319-2593AF1D93F1}.Debug|Any CPU.Build.0 = Debug|Any CPU
		{B85F3736-B97B-4C97-A319-2593AF1D93F1}.Debug|x64.ActiveCfg = Debug|Any CPU
		{B85F3736-B97B-4C97-A319-2593AF1D93F1}.Debug|x64.Build.0 = Debug|Any CPU
		{B85F3736-B97B-4C97-A319-2593AF1D93F1}.Debug|x86.ActiveCfg = Debug|Any CPU
		{B85F3736-B97B-4C97-A319-2593AF1D93F1}.Debug|x86.Build.0 = Debug|Any CPU
		{B85F3736-B97B-4C97-A319-2593AF1D93F1}.Release|Any CPU.ActiveCfg = Release|Any CPU
		{B85F3736-B97B-4C97-A319-2593AF1D93F1}.Release|Any CPU.Build.0 = Release|Any CPU
		{B85F3736-B97B-4C97-A319-2593AF1D93F1}.Release|x64.ActiveCfg = Release|Any CPU
		{B85F3736-B97B-4C97-A319-2593AF1D93F1}.Release|x64.Build.0 = Release|Any CPU
		{B85F3736-B97B-4C97-A319-2593AF1D93F1}.Release|x86.ActiveCfg = Release|Any CPU
		{B85F3736-B97B-4C97-A319-2593AF1D93F1}.Release|x86.Build.0 = Release|Any CPU
		{E27874D9-8312-4A1D-B5C2-AE0C2ED940C0}.Debug|Any CPU.ActiveCfg = Debug|Any CPU
		{E27874D9-8312-4A1D-B5C2-AE0C2ED940C0}.Debug|Any CPU.Build.0 = Debug|Any CPU
		{E27874D9-8312-4A1D-B5C2-AE0C2ED940C0}.Debug|x64.ActiveCfg = Debug|Any CPU
		{E27874D9-8312-4A1D-B5C2-AE0C2ED940C0}.Debug|x64.Build.0 = Debug|Any CPU
		{E27874D9-8312-4A1D-B5C2-AE0C2ED940C0}.Debug|x86.ActiveCfg = Debug|Any CPU
		{E27874D9-8312-4A1D-B5C2-AE0C2ED940C0}.Debug|x86.Build.0 = Debug|Any CPU
		{E27874D9-8312-4A1D-B5C2-AE0C2ED940C0}.Release|Any CPU.ActiveCfg = Release|Any CPU
		{E27874D9-8312-4A1D-B5C2-AE0C2ED940C0}.Release|Any CPU.Build.0 = Release|Any CPU
		{E27874D9-8312-4A1D-B5C2-AE0C2ED940C0}.Release|x64.ActiveCfg = Release|Any CPU
		{E27874D9-8312-4A1D-B5C2-AE0C2ED940C0}.Release|x64.Build.0 = Release|Any CPU
		{E27874D9-8312-4A1D-B5C2-AE0C2ED940C0}.Release|x86.ActiveCfg = Release|Any CPU
		{E27874D9-8312-4A1D-B5C2-AE0C2ED940C0}.Release|x86.Build.0 = Release|Any CPU
		{88982FC6-843E-45DA-B16D-73122A69715B}.Debug|Any CPU.ActiveCfg = Debug|Any CPU
		{88982FC6-843E-45DA-B16D-73122A69715B}.Debug|Any CPU.Build.0 = Debug|Any CPU
		{88982FC6-843E-45DA-B16D-73122A69715B}.Debug|x64.ActiveCfg = Debug|Any CPU
		{88982FC6-843E-45DA-B16D-73122A69715B}.Debug|x64.Build.0 = Debug|Any CPU
		{88982FC6-843E-45DA-B16D-73122A69715B}.Debug|x86.ActiveCfg = Debug|Any CPU
		{88982FC6-843E-45DA-B16D-73122A69715B}.Debug|x86.Build.0 = Debug|Any CPU
		{88982FC6-843E-45DA-B16D-73122A69715B}.Release|Any CPU.ActiveCfg = Release|Any CPU
		{88982FC6-843E-45DA-B16D-73122A69715B}.Release|Any CPU.Build.0 = Release|Any CPU
		{88982FC6-843E-45DA-B16D-73122A69715B}.Release|x64.ActiveCfg = Release|Any CPU
		{88982FC6-843E-45DA-B16D-73122A69715B}.Release|x64.Build.0 = Release|Any CPU
		{88982FC6-843E-45DA-B16D-73122A69715B}.Release|x86.ActiveCfg = Release|Any CPU
		{88982FC6-843E-45DA-B16D-73122A69715B}.Release|x86.Build.0 = Release|Any CPU
		{FA3E18A6-0E36-4EF7-B68C-360C7CF84F24}.Debug|Any CPU.ActiveCfg = Debug|Any CPU
		{FA3E18A6-0E36-4EF7-B68C-360C7CF84F24}.Debug|Any CPU.Build.0 = Debug|Any CPU
		{FA3E18A6-0E36-4EF7-B68C-360C7CF84F24}.Debug|x64.ActiveCfg = Debug|Any CPU
		{FA3E18A6-0E36-4EF7-B68C-360C7CF84F24}.Debug|x64.Build.0 = Debug|Any CPU
		{FA3E18A6-0E36-4EF7-B68C-360C7CF84F24}.Debug|x86.ActiveCfg = Debug|Any CPU
		{FA3E18A6-0E36-4EF7-B68C-360C7CF84F24}.Debug|x86.Build.0 = Debug|Any CPU
		{FA3E18A6-0E36-4EF7-B68C-360C7CF84F24}.Release|Any CPU.ActiveCfg = Release|Any CPU
		{FA3E18A6-0E36-4EF7-B68C-360C7CF84F24}.Release|Any CPU.Build.0 = Release|Any CPU
		{FA3E18A6-0E36-4EF7-B68C-360C7CF84F24}.Release|x64.ActiveCfg = Release|Any CPU
		{FA3E18A6-0E36-4EF7-B68C-360C7CF84F24}.Release|x64.Build.0 = Release|Any CPU
		{FA3E18A6-0E36-4EF7-B68C-360C7CF84F24}.Release|x86.ActiveCfg = Release|Any CPU
		{FA3E18A6-0E36-4EF7-B68C-360C7CF84F24}.Release|x86.Build.0 = Release|Any CPU
		{21D1B859-064C-4BDB-AAFC-E306BBA2D2B6}.Debug|Any CPU.ActiveCfg = Debug|Any CPU
		{21D1B859-064C-4BDB-AAFC-E306BBA2D2B6}.Debug|Any CPU.Build.0 = Debug|Any CPU
		{21D1B859-064C-4BDB-AAFC-E306BBA2D2B6}.Debug|x64.ActiveCfg = Debug|Any CPU
		{21D1B859-064C-4BDB-AAFC-E306BBA2D2B6}.Debug|x64.Build.0 = Debug|Any CPU
		{21D1B859-064C-4BDB-AAFC-E306BBA2D2B6}.Debug|x86.ActiveCfg = Debug|Any CPU
		{21D1B859-064C-4BDB-AAFC-E306BBA2D2B6}.Debug|x86.Build.0 = Debug|Any CPU
		{21D1B859-064C-4BDB-AAFC-E306BBA2D2B6}.Release|Any CPU.ActiveCfg = Release|Any CPU
		{21D1B859-064C-4BDB-AAFC-E306BBA2D2B6}.Release|Any CPU.Build.0 = Release|Any CPU
		{21D1B859-064C-4BDB-AAFC-E306BBA2D2B6}.Release|x64.ActiveCfg = Release|Any CPU
		{21D1B859-064C-4BDB-AAFC-E306BBA2D2B6}.Release|x64.Build.0 = Release|Any CPU
		{21D1B859-064C-4BDB-AAFC-E306BBA2D2B6}.Release|x86.ActiveCfg = Release|Any CPU
		{21D1B859-064C-4BDB-AAFC-E306BBA2D2B6}.Release|x86.Build.0 = Release|Any CPU
	EndGlobalSection
	GlobalSection(SolutionProperties) = preSolution
		HideSolutionNode = FALSE
	EndGlobalSection
EndGlobal
